# This file is automatically @generated by Cargo.
# It is not intended for manual editing.
version = 3

[[package]]
name = "dht11_gpio"
version = "0.1.0"
source = "registry+https://github.com/rust-lang/crates.io-index"
checksum = "025a9c524f874011845bb86c98521758f26141836432cf6acf66fca830aafed2"
dependencies = [
 "rppal",
]

[[package]]
name = "libc"
version = "0.2.153"
source = "registry+https://github.com/rust-lang/crates.io-index"
checksum = "9c198f91728a82281a64e1f4f9eeb25d82cb32a5de251c6bd1b5154d63a8e7bd"

[[package]]
name = "rppal"
version = "0.16.1"
source = "registry+https://github.com/rust-lang/crates.io-index"
checksum = "8d136b79fe4b07246bb6bcc67646e5d2f060b84f7d04a6d052b365249ad14e4a"
dependencies = [
 "libc",
]

[[package]]
name = "temp_sensor"
version = "0.1.0"
dependencies = [
 "dht11_gpio",
]
